
Microsoft Visual Studio Solution File, Format Version 12.00
# Visual Studio Version 16
VisualStudioVersion = 16.0.31702.278
MinimumVisualStudioVersion = 10.0.40219.1
Project("{FAE04EC0-301F-11D3-BF4B-00C04F79EFBC}") = "Clinic Net", "Clinic Net.csproj", "{36BA2A37-4C89-438B-AE36-630FC17923E1}"
EndProject
Project("{2150E333-8FDC-42A3-9474-1A3956D46DE8}") = "Solution Items", "Solution Items", "{0902C745-7CB8-466E-B6C3-74C20421505C}"
	ProjectSection(SolutionItems) = preProject
		D:\Рисунки\Референсы\crest.ico = D:\Рисунки\Референсы\crest.ico
		Значок1.ico = Значок1.ico
	EndProjectSection
EndProject
Global
	GlobalSection(SolutionConfigurationPlatforms) = preSolution
		Debug|Any CPU = Debug|Any CPU
		Release|Any CPU = Release|Any CPU
	EndGlobalSection
	GlobalSection(ProjectConfigurationPlatforms) = postSolution
		{36BA2A37-4C89-438B-AE36-630FC17923E1}.Debug|Any CPU.ActiveCfg = Debug|Any CPU
		{36BA2A37-4C89-438B-AE36-630FC17923E1}.Debug|Any CPU.Build.0 = Debug|Any CPU
		{36BA2A37-4C89-438B-AE36-630FC17923E1}.Release|Any CPU.ActiveCfg = Release|Any CPU
		{36BA2A37-4C89-438B-AE36-630FC17923E1}.Release|Any CPU.Build.0 = Release|Any CPU
	EndGlobalSection
	GlobalSection(SolutionProperties) = preSolution
		HideSolutionNode = FALSE
	EndGlobalSection
	GlobalSection(ExtensibilityGlobals) = postSolution
		SolutionGuid = {C8BD0121-AEF0-42E4-ABD0-825B87E2776C}
	EndGlobalSection
EndGlobal
